
Microsoft Visual Studio Solution File, Format Version 12.00
# Visual Studio Version 16
VisualStudioVersion = 16.0.30114.105
MinimumVisualStudioVersion = 10.0.40219.1
Project("{FAE04EC0-301F-11D3-BF4B-00C04F79EFBC}") = "BackEnd", "BackEnd\BackEnd.csproj", "{21B7EDE5-38CE-4541-A46B-26C7A4CACD86}"
EndProject
Project("{FAE04EC0-301F-11D3-BF4B-00C04F79EFBC}") = "Core", "Core\Core.csproj", "{824346D3-AAEF-4D3D-9AFD-24141FD4E035}"
EndProject
Project("{FAE04EC0-301F-11D3-BF4B-00C04F79EFBC}") = "Infraestructura", "Infraestructura\Infraestructura.csproj", "{4ADA65E3-5808-4905-9189-6C95B5697FE8}"
EndProject
Global
	GlobalSection(SolutionConfigurationPlatforms) = preSolution
		Debug|Any CPU = Debug|Any CPU
		Release|Any CPU = Release|Any CPU
	EndGlobalSection
	GlobalSection(SolutionProperties) = preSolution
		HideSolutionNode = FALSE
	EndGlobalSection
	GlobalSection(ProjectConfigurationPlatforms) = postSolution
		{21B7EDE5-38CE-4541-A46B-26C7A4CACD86}.Debug|Any CPU.ActiveCfg = Debug|Any CPU
		{21B7EDE5-38CE-4541-A46B-26C7A4CACD86}.Debug|Any CPU.Build.0 = Debug|Any CPU
		{21B7EDE5-38CE-4541-A46B-26C7A4CACD86}.Release|Any CPU.ActiveCfg = Release|Any CPU
		{21B7EDE5-38CE-4541-A46B-26C7A4CACD86}.Release|Any CPU.Build.0 = Release|Any CPU
		{824346D3-AAEF-4D3D-9AFD-24141FD4E035}.Debug|Any CPU.ActiveCfg = Debug|Any CPU
		{824346D3-AAEF-4D3D-9AFD-24141FD4E035}.Debug|Any CPU.Build.0 = Debug|Any CPU
		{824346D3-AAEF-4D3D-9AFD-24141FD4E035}.Release|Any CPU.ActiveCfg = Release|Any CPU
		{824346D3-AAEF-4D3D-9AFD-24141FD4E035}.Release|Any CPU.Build.0 = Release|Any CPU
		{4ADA65E3-5808-4905-9189-6C95B5697FE8}.Debug|Any CPU.ActiveCfg = Debug|Any CPU
		{4ADA65E3-5808-4905-9189-6C95B5697FE8}.Debug|Any CPU.Build.0 = Debug|Any CPU
		{4ADA65E3-5808-4905-9189-6C95B5697FE8}.Release|Any CPU.ActiveCfg = Release|Any CPU
		{4ADA65E3-5808-4905-9189-6C95B5697FE8}.Release|Any CPU.Build.0 = Release|Any CPU
	EndGlobalSection
EndGlobal
